
Microsoft Visual Studio Solution File, Format Version 12.00
# Visual Studio 2012
Project("{FAE04EC0-301F-11D3-BF4B-00C04F79EFBC}") = "SqliteDataReader", "SqliteDataReader\SqliteDataReader.csproj", "{7CBA2759-E288-4842-AF85-92FE32A59D88}"
EndProject
Project("{FAE04EC0-301F-11D3-BF4B-00C04F79EFBC}") = "NpgsqlDataReader", "NpgsqlDataReader\NpgsqlDataReader.csproj", "{662AD7A8-707B-426F-9F75-E734534172DE}"
EndProject
Project("{FAE04EC0-301F-11D3-BF4B-00C04F79EFBC}") = "SqliteDataAdapter", "SqliteDataAdapter\SqliteDataAdapter.csproj", "{770B9F19-0002-49E0-8297-EA1E8CCBFD87}"
EndProject
Project("{FAE04EC0-301F-11D3-BF4B-00C04F79EFBC}") = "NpgsqlDataAdapter", "NpgsqlDataAdapter\NpgsqlDataAdapter.csproj", "{94EF19CC-3AB8-44A8-ABB8-63D895B2100C}"
EndProject
Project("{FAE04EC0-301F-11D3-BF4B-00C04F79EFBC}") = "SqliteCommand", "SqliteCommand\SqliteCommand.csproj", "{25FE5C85-1AAE-4F35-ADBC-D066CD2305BE}"
EndProject
Project("{FAE04EC0-301F-11D3-BF4B-00C04F79EFBC}") = "SpartacusExemplo01", "SpartacusExemplo01\SpartacusExemplo01.csproj", "{1438B7D5-90EE-45FF-8BD3-7D14C02B64FB}"
EndProject
Project("{FAE04EC0-301F-11D3-BF4B-00C04F79EFBC}") = "SpartacusExemplo02", "SpartacusExemplo02\SpartacusExemplo02.csproj", "{5152C8C9-8E3E-46F9-95AF-E4603306129E}"
EndProject
Project("{FAE04EC0-301F-11D3-BF4B-00C04F79EFBC}") = "Financas", "Financas\Financas.csproj", "{E9EE381E-6E7D-451E-83AF-D3B93DEB6749}"
EndProject
Project("{FAE04EC0-301F-11D3-BF4B-00C04F79EFBC}") = "Lista4Exercicio06", "Lista4Exercicio06\Lista4Exercicio06.csproj", "{B864C55A-A292-4B13-9A76-0C38C71543B1}"
EndProject
Global
	GlobalSection(SolutionConfigurationPlatforms) = preSolution
		Debug|x86 = Debug|x86
		Release|x86 = Release|x86
	EndGlobalSection
	GlobalSection(ProjectConfigurationPlatforms) = postSolution
		{1438B7D5-90EE-45FF-8BD3-7D14C02B64FB}.Debug|x86.ActiveCfg = Debug|x86
		{1438B7D5-90EE-45FF-8BD3-7D14C02B64FB}.Debug|x86.Build.0 = Debug|x86
		{1438B7D5-90EE-45FF-8BD3-7D14C02B64FB}.Release|x86.ActiveCfg = Release|x86
		{1438B7D5-90EE-45FF-8BD3-7D14C02B64FB}.Release|x86.Build.0 = Release|x86
		{25FE5C85-1AAE-4F35-ADBC-D066CD2305BE}.Debug|x86.ActiveCfg = Debug|x86
		{25FE5C85-1AAE-4F35-ADBC-D066CD2305BE}.Debug|x86.Build.0 = Debug|x86
		{25FE5C85-1AAE-4F35-ADBC-D066CD2305BE}.Release|x86.ActiveCfg = Release|x86
		{25FE5C85-1AAE-4F35-ADBC-D066CD2305BE}.Release|x86.Build.0 = Release|x86
		{5152C8C9-8E3E-46F9-95AF-E4603306129E}.Debug|x86.ActiveCfg = Debug|x86
		{5152C8C9-8E3E-46F9-95AF-E4603306129E}.Debug|x86.Build.0 = Debug|x86
		{5152C8C9-8E3E-46F9-95AF-E4603306129E}.Release|x86.ActiveCfg = Release|x86
		{5152C8C9-8E3E-46F9-95AF-E4603306129E}.Release|x86.Build.0 = Release|x86
		{662AD7A8-707B-426F-9F75-E734534172DE}.Debug|x86.ActiveCfg = Debug|x86
		{662AD7A8-707B-426F-9F75-E734534172DE}.Debug|x86.Build.0 = Debug|x86
		{662AD7A8-707B-426F-9F75-E734534172DE}.Release|x86.ActiveCfg = Release|x86
		{662AD7A8-707B-426F-9F75-E734534172DE}.Release|x86.Build.0 = Release|x86
		{770B9F19-0002-49E0-8297-EA1E8CCBFD87}.Debug|x86.ActiveCfg = Debug|x86
		{770B9F19-0002-49E0-8297-EA1E8CCBFD87}.Debug|x86.Build.0 = Debug|x86
		{770B9F19-0002-49E0-8297-EA1E8CCBFD87}.Release|x86.ActiveCfg = Release|x86
		{770B9F19-0002-49E0-8297-EA1E8CCBFD87}.Release|x86.Build.0 = Release|x86
		{7CBA2759-E288-4842-AF85-92FE32A59D88}.Debug|x86.ActiveCfg = Debug|x86
		{7CBA2759-E288-4842-AF85-92FE32A59D88}.Debug|x86.Build.0 = Debug|x86
		{7CBA2759-E288-4842-AF85-92FE32A59D88}.Release|x86.ActiveCfg = Release|x86
		{7CBA2759-E288-4842-AF85-92FE32A59D88}.Release|x86.Build.0 = Release|x86
		{94EF19CC-3AB8-44A8-ABB8-63D895B2100C}.Debug|x86.ActiveCfg = Debug|x86
		{94EF19CC-3AB8-44A8-ABB8-63D895B2100C}.Debug|x86.Build.0 = Debug|x86
		{94EF19CC-3AB8-44A8-ABB8-63D895B2100C}.Release|x86.ActiveCfg = Release|x86
		{94EF19CC-3AB8-44A8-ABB8-63D895B2100C}.Release|x86.Build.0 = Release|x86
		{B864C55A-A292-4B13-9A76-0C38C71543B1}.Debug|x86.ActiveCfg = Debug|x86
		{B864C55A-A292-4B13-9A76-0C38C71543B1}.Debug|x86.Build.0 = Debug|x86
		{B864C55A-A292-4B13-9A76-0C38C71543B1}.Release|x86.ActiveCfg = Release|x86
		{B864C55A-A292-4B13-9A76-0C38C71543B1}.Release|x86.Build.0 = Release|x86
		{E9EE381E-6E7D-451E-83AF-D3B93DEB6749}.Debug|x86.ActiveCfg = Debug|x86
		{E9EE381E-6E7D-451E-83AF-D3B93DEB6749}.Debug|x86.Build.0 = Debug|x86
		{E9EE381E-6E7D-451E-83AF-D3B93DEB6749}.Release|x86.ActiveCfg = Release|x86
		{E9EE381E-6E7D-451E-83AF-D3B93DEB6749}.Release|x86.Build.0 = Release|x86
	EndGlobalSection
EndGlobal
